// !$*UTF8*$!
{
	archiveVersion = 1;
	classes = {
	};
	objectVersion = 52;
	objects = {

/* Begin PBXBuildFile section */
		AA131F78258A1E8200F627C4 /* AppDelegate.swift in Sources */ = {isa = PBXBuildFile; fileRef = AA131F77258A1E8200F627C4 /* AppDelegate.swift */; };
		AA131F7A258A1E8200F627C4 /* SceneDelegate.swift in Sources */ = {isa = PBXBuildFile; fileRef = AA131F79258A1E8200F627C4 /* SceneDelegate.swift */; };
		AA131F7C258A1E8200F627C4 /* ViewController.swift in Sources */ = {isa = PBXBuildFile; fileRef = AA131F7B258A1E8200F627C4 /* ViewController.swift */; };
		AA131F7F258A1E8200F627C4 /* Main.storyboard in Resources */ = {isa = PBXBuildFile; fileRef = AA131F7D258A1E8200F627C4 /* Main.storyboard */; };
		AA131F81258A1E8500F627C4 /* Assets.xcassets in Resources */ = {isa = PBXBuildFile; fileRef = AA131F80258A1E8500F627C4 /* Assets.xcassets */; };
		AA131F84258A1E8500F627C4 /* LaunchScreen.storyboard in Resources */ = {isa = PBXBuildFile; fileRef = AA131F82258A1E8500F627C4 /* LaunchScreen.storyboard */; };
		AA131F8E258A230D00F627C4 /* ExtendedAlertController in Frameworks */ = {isa = PBXBuildFile; productRef = AA131F8D258A230D00F627C4 /* ExtendedAlertController */; };
/* End PBXBuildFile section */

/* Begin PBXFileReference section */
		AA131F74258A1E8200F627C4 /* ExtendedAlertControllerDemo.app */ = {isa = PBXFileReference; explicitFileType = wrapper.application; includeInIndex = 0; path = ExtendedAlertControllerDemo.app; sourceTree = BUILT_PRODUCTS_DIR; };
		AA131F77258A1E8200F627C4 /* AppDelegate.swift */ = {isa = PBXFileReference; lastKnownFileType = sourcecode.swift; path = AppDelegate.swift; sourceTree = "<group>"; };
		AA131F79258A1E8200F627C4 /* SceneDelegate.swift */ = {isa = PBXFileReference; lastKnownFileType = sourcecode.swift; path = SceneDelegate.swift; sourceTree = "<group>"; };
		AA131F7B258A1E8200F627C4 /* ViewController.swift */ = {isa = PBXFileReference; lastKnownFileType = sourcecode.swift; path = ViewController.swift; sourceTree = "<group>"; };
		AA131F7E258A1E8200F627C4 /* Base */ = {isa = PBXFileReference; lastKnownFileType = file.storyboard; name = Base; path = Base.lproj/Main.storyboard; sourceTree = "<group>"; };
		AA131F80258A1E8500F627C4 /* Assets.xcassets */ = {isa = PBXFileReference; lastKnownFileType = folder.assetcatalog; path = Assets.xcassets; sourceTree = "<group>"; };
		AA131F83258A1E8500F627C4 /* Base */ = {isa = PBXFileReference; lastKnownFileType = file.storyboard; name = Base; path = Base.lproj/LaunchScreen.storyboard; sourceTree = "<group>"; };
		AA131F85258A1E8500F627C4 /* Info.plist */ = {isa = PBXFileReference; lastKnownFileType = text.plist.xml; path = Info.plist; sourceTree = "<group>"; };
/* End PBXFileReference section */

/* Begin PBXFrameworksBuildPhase section */
		AA131F71258A1E8200F627C4 /* Frameworks */ = {
			isa = PBXFrameworksBuildPhase;
			buildActionMask = 2147483647;
			files = (
				AA131F8E258A230D00F627C4 /* ExtendedAlertController in Frameworks */,
			);
			runOnlyForDeploymentPostprocessing = 0;
		};
/* End PBXFrameworksBuildPhase section */

/* Begin PBXGroup section */
		AA131F6B258A1E8200F627C4 = {
			isa = PBXGroup;
			children = (
				AA131F76258A1E8200F627C4 /* ExtendedAlertControllerDemo */,
				AA131F75258A1E8200F627C4 /* Products */,
			);
			sourceTree = "<group>";
		};
		AA131F75258A1E8200F627C4 /* Products */ = {
			isa = PBXGroup;
			children = (
				AA131F74258A1E8200F627C4 /* ExtendedAlertControllerDemo.app */,
			);
			name = Products;
			sourceTree = "<group>";
		};
		AA131F76258A1E8200F627C4 /* ExtendedAlertControllerDemo */ = {
			isa = PBXGroup;
			children = (
				AA131F77258A1E8200F627C4 /* AppDelegate.swift */,
				AA131F79258A1E8200F627C4 /* SceneDelegate.swift */,
				AA131F7B258A1E8200F627C4 /* ViewController.swift */,
				AA131F7D258A1E8200F627C4 /* Main.storyboard */,
				AA131F80258A1E8500F627C4 /* Assets.xcassets */,
				AA131F82258A1E8500F627C4 /* LaunchScreen.storyboard */,
				AA131F85258A1E8500F627C4 /* Info.plist */,
			);
			path = ExtendedAlertControllerDemo;
			sourceTree = "<group>";
		};
/* End PBXGroup section */

/* Begin PBXNativeTarget section */
		AA131F73258A1E8200F627C4 /* ExtendedAlertControllerDemo */ = {
			isa = PBXNativeTarget;
			buildConfigurationList = AA131F88258A1E8500F627C4 /* Build configuration list for PBXNativeTarget "ExtendedAlertControllerDemo" */;
			buildPhases = (
				AA131F70258A1E8200F627C4 /* Sources */,
				AA131F71258A1E8200F627C4 /* Frameworks */,
				AA131F72258A1E8200F627C4 /* Resources */,
			);
			buildRules = (
			);
			dependencies = (
			);
			name = ExtendedAlertControllerDemo;
			packageProductDependencies = (
				AA131F8D258A230D00F627C4 /* ExtendedAlertController */,
			);
			productName = ExtendedAlertControllerDemo;
			productReference = AA131F74258A1E8200F627C4 /* ExtendedAlertControllerDemo.app */;
			productType = "com.apple.product-type.application";
		};
/* End PBXNativeTarget section */

/* Begin PBXProject section */
		AA131F6C258A1E8200F627C4 /* Project object */ = {
			isa = PBXProject;
			attributes = {
				LastSwiftUpdateCheck = 1220;
				LastUpgradeCheck = 1220;
				TargetAttributes = {
					AA131F73258A1E8200F627C4 = {
						CreatedOnToolsVersion = 12.2;
					};
				};
			};
			buildConfigurationList = AA131F6F258A1E8200F627C4 /* Build configuration list for PBXProject "ExtendedAlertControllerDemo" */;
			compatibilityVersion = "Xcode 9.3";
			developmentRegion = en;
			hasScannedForEncodings = 0;
			knownRegions = (
				en,
				Base,
			);
			mainGroup = AA131F6B258A1E8200F627C4;
			packageReferences = (
				AA131F8C258A230D00F627C4 /* XCRemoteSwiftPackageReference "ExtendedAlertController" */,
			);
			productRefGroup = AA131F75258A1E8200F627C4 /* Products */;
			projectDirPath = "";
			projectRoot = "";
			targets = (
				AA131F73258A1E8200F627C4 /* ExtendedAlertControllerDemo */,
			);
		};
/* End PBXProject section */

/* Begin PBXResourcesBuildPhase section */
		AA131F72258A1E8200F627C4 /* Resources */ = {
			isa = PBXResourcesBuildPhase;
			buildActionMask = 2147483647;
			files = (
				AA131F84258A1E8500F627C4 /* LaunchScreen.storyboard in Resources */,
				AA131F81258A1E8500F627C4 /* Assets.xcassets in Resources */,
				AA131F7F258A1E8200F627C4 /* Main.storyboard in Resources */,
			);
			runOnlyForDeploymentPostprocessing = 0;
		};
/* End PBXResourcesBuildPhase section */

/* Begin PBXSourcesBuildPhase section */
		AA131F70258A1E8200F627C4 /* Sources */ = {
			isa = PBXSourcesBuildPhase;
			buildActionMask = 2147483647;
			files = (
				AA131F7C258A1E8200F627C4 /* ViewController.swift in Sources */,
				AA131F78258A1E8200F627C4 /* AppDelegate.swift in Sources */,
				AA131F7A258A1E8200F627C4 /* SceneDelegate.swift in Sources */,
			);
			runOnlyForDeploymentPostprocessing = 0;
		};
/* End PBXSourcesBuildPhase section */

/* Begin PBXVariantGroup section */
		AA131F7D258A1E8200F627C4 /* Main.storyboard */ = {
			isa = PBXVariantGroup;
			children = (
				AA131F7E258A1E8200F627C4 /* Base */,
			);
			name = Main.storyboard;
			sourceTree = "<group>";
		};
		AA131F82258A1E8500F627C4 /* LaunchScreen.storyboard */ = {
			isa = PBXVariantGroup;
			children = (
				AA131F83258A1E8500F627C4 /* Base */,
			);
			name = LaunchScreen.storyboard;
			sourceTree = "<group>";
		};
/* End PBXVariantGroup section */

/* Begin XCBuildConfiguration section */
		AA131F86258A1E8500F627C4 /* Debug */ = {
			isa = XCBuildConfiguration;
			buildSettings = {
				ALWAYS_SEARCH_USER_PATHS = NO;
				CLANG_ANALYZER_NONNULL = YES;
				CLANG_ANALYZER_NUMBER_OBJECT_CONVERSION = YES_AGGRESSIVE;
				CLANG_CXX_LANGUAGE_STANDARD = "gnu++14";
				CLANG_CXX_LIBRARY = "libc++";
				CLANG_ENABLE_MODULES = YES;
				CLANG_ENABLE_OBJC_ARC = YES;
				CLANG_ENABLE_OBJC_WEAK = YES;
				CLANG_WARN_BLOCK_CAPTURE_AUTORELEASING = YES;
				CLANG_WARN_BOOL_CONVERSION = YES;
				CLANG_WARN_COMMA = YES;
				CLANG_WARN_CONSTANT_CONVERSION = YES;
				CLANG_WARN_DEPRECATED_OBJC_IMPLEMENTATIONS = YES;
				CLANG_WARN_DIRECT_OBJC_ISA_USAGE = YES_ERROR;
				CLANG_WARN_DOCUMENTATION_COMMENTS = YES;
				CLANG_WARN_EMPTY_BODY = YES;
				CLANG_WARN_ENUM_CONVERSION = YES;
				CLANG_WARN_INFINITE_RECURSION = YES;
				CLANG_WARN_INT_CONVERSION = YES;
				CLANG_WARN_NON_LITERAL_NULL_CONVERSION = YES;
				CLANG_WARN_OBJC_IMPLICIT_RETAIN_SELF = YES;
				CLANG_WARN_OBJC_LITERAL_CONVERSION = YES;
				CLANG_WARN_OBJC_ROOT_CLASS = YES_ERROR;
				CLANG_WARN_QUOTED_INCLUDE_IN_FRAMEWORK_HEADER = YES;
				CLANG_WARN_RANGE_LOOP_ANALYSIS = YES;
				CLANG_WARN_STRICT_PROTOTYPES = YES;
				CLANG_WARN_SUSPICIOUS_MOVE = YES;
				CLANG_WARN_UNGUARDED_AVAILABILITY = YES_AGGRESSIVE;
				CLANG_WARN_UNREACHABLE_CODE = YES;
				CLANG_WARN__DUPLICATE_METHOD_MATCH = YES;
				COPY_PHASE_STRIP = NO;
				DEBUG_INFORMATION_FORMAT = dwarf;
				ENABLE_STRICT_OBJC_MSGSEND = YES;
				ENABLE_TESTABILITY = YES;
				GCC_C_LANGUAGE_STANDARD = gnu11;
				GCC_DYNAMIC_NO_PIC = NO;
				GCC_NO_COMMON_BLOCKS = YES;
				GCC_OPTIMIZATION_LEVEL = 0;
				GCC_PREPROCESSOR_DEFINITIONS = (
					"DEBUG=1",
					"$(inherited)",
				);
				GCC_WARN_64_TO_32_BIT_CONVERSION = YES;
				GCC_WARN_ABOUT_RETURN_TYPE = YES_ERROR;
				GCC_WARN_UNDECLARED_SELECTOR = YES;
				GCC_WARN_UNINITIALIZED_AUTOS = YES_AGGRESSIVE;
				GCC_WARN_UNUSED_FUNCTION = YES;
				GCC_WARN_UNUSED_VARIABLE = YES;
				IPHONEOS_DEPLOYMENT_TARGET = 14.2;
				MTL_ENABLE_DEBUG_INFO = INCLUDE_SOURCE;
				MTL_FAST_MATH = YES;
				ONLY_ACTIVE_ARCH = YES;
				SDKROOT = iphoneos;
				SWIFT_ACTIVE_COMPILATION_CONDITIONS = DEBUG;
				SWIFT_OPTIMIZATION_LEVEL = "-Onone";
			};
			name = Debug;
		};
		AA131F87258A1E8500F627C4 /* Release */ = {
			isa = XCBuildConfiguration;
			buildSettings = {
				ALWAYS_SEARCH_USER_PATHS = NO;
				CLANG_ANALYZER_NONNULL = YES;
				CLANG_ANALYZER_NUMBER_OBJECT_CONVERSION = YES_AGGRESSIVE;
				CLANG_CXX_LANGUAGE_STANDARD = "gnu++14";
				CLANG_CXX_LIBRARY = "libc++";
				CLANG_ENABLE_MODULES = YES;
				CLANG_ENABLE_OBJC_ARC = YES;
				CLANG_ENABLE_OBJC_WEAK = YES;
				CLANG_WARN_BLOCK_CAPTURE_AUTORELEASING = YES;
				CLANG_WARN_BOOL_CONVERSION = YES;
				CLANG_WARN_COMMA = YES;
				CLANG_WARN_CONSTANT_CONVERSION = YES;
				CLANG_WARN_DEPRECATED_OBJC_IMPLEMENTATIONS = YES;
				CLANG_WARN_DIRECT_OBJC_ISA_USAGE = YES_ERROR;
				CLANG_WARN_DOCUMENTATION_COMMENTS = YES;
				CLANG_WARN_EMPTY_BODY = YES;
				CLANG_WARN_ENUM_CONVERSION = YES;
				CLANG_WARN_INFINITE_RECURSION = YES;
				CLANG_WARN_INT_CONVERSION = YES;
				CLANG_WARN_NON_LITERAL_NULL_CONVERSION = YES;
				CLANG_WARN_OBJC_IMPLICIT_RETAIN_SELF = YES;
				CLANG_WARN_OBJC_LITERAL_CONVERSION = YES;
				CLANG_WARN_OBJC_ROOT_CLASS = YES_ERROR;
				CLANG_WARN_QUOTED_INCLUDE_IN_FRAMEWORK_HEADER = YES;
				CLANG_WARN_RANGE_LOOP_ANALYSIS = YES;
				CLANG_WARN_STRICT_PROTOTYPES = YES;
				CLANG_WARN_SUSPICIOUS_MOVE = YES;
				CLANG_WARN_UNGUARDED_AVAILABILITY = YES_AGGRESSIVE;
				CLANG_WARN_UNREACHABLE_CODE = YES;
				CLANG_WARN__DUPLICATE_METHOD_MATCH = YES;
				COPY_PHASE_STRIP = NO;
				DEBUG_INFORMATION_FORMAT = "dwarf-with-dsym";
				ENABLE_NS_ASSERTIONS = NO;
				ENABLE_STRICT_OBJC_MSGSEND = YES;
				GCC_C_LANGUAGE_STANDARD = gnu11;
				GCC_NO_COMMON_BLOCKS = YES;
				GCC_WARN_64_TO_32_BIT_CONVERSION = YES;
				GCC_WARN_ABOUT_RETURN_TYPE = YES_ERROR;
				GCC_WARN_UNDECLARED_SELECTOR = YES;
				GCC_WARN_UNINITIALIZED_AUTOS = YES_AGGRESSIVE;
				GCC_WARN_UNUSED_FUNCTION = YES;
				GCC_WARN_UNUSED_VARIABLE = YES;
				IPHONEOS_DEPLOYMENT_TARGET = 14.2;
				MTL_ENABLE_DEBUG_INFO = NO;
				MTL_FAST_MATH = YES;
				SDKROOT = iphoneos;
				SWIFT_COMPILATION_MODE = wholemodule;
				SWIFT_OPTIMIZATION_LEVEL = "-O";
				VALIDATE_PRODUCT = YES;
			};
			name = Release;
		};
		AA131F89258A1E8500F627C4 /* Debug */ = {
			isa = XCBuildConfiguration;
			buildSettings = {
				ASSETCATALOG_COMPILER_APPICON_NAME = AppIcon;
				ASSETCATALOG_COMPILER_GLOBAL_ACCENT_COLOR_NAME = AccentColor;
				CODE_SIGN_STYLE = Automatic;
				DEVELOPMENT_TEAM = 5G9VJDYQ6D;
				INFOPLIST_FILE = ExtendedAlertControllerDemo/Info.plist;
				LD_RUNPATH_SEARCH_PATHS = (
					"$(inherited)",
					"@executable_path/Frameworks",
				);
				PRODUCT_BUNDLE_IDENTIFIER = "Zheng-Xiang-Ke.ExtendedAlertControllerDemo";
				PRODUCT_NAME = "$(TARGET_NAME)";
				SWIFT_VERSION = 5.0;
				TARGETED_DEVICE_FAMILY = "1,2";
			};
			name = Debug;
		};
		AA131F8A258A1E8500F627C4 /* Release */ = {
			isa = XCBuildConfiguration;
			buildSettings = {
				ASSETCATALOG_COMPILER_APPICON_NAME = AppIcon;
				ASSETCATALOG_COMPILER_GLOBAL_ACCENT_COLOR_NAME = AccentColor;
				CODE_SIGN_STYLE = Automatic;
				DEVELOPMENT_TEAM = 5G9VJDYQ6D;
				INFOPLIST_FILE = ExtendedAlertControllerDemo/Info.plist;
				LD_RUNPATH_SEARCH_PATHS = (
					"$(inherited)",
					"@executable_path/Frameworks",
				);
				PRODUCT_BUNDLE_IDENTIFIER = "Zheng-Xiang-Ke.ExtendedAlertControllerDemo";
				PRODUCT_NAME = "$(TARGET_NAME)";
				SWIFT_VERSION = 5.0;
				TARGETED_DEVICE_FAMILY = "1,2";
			};
			name = Release;
		};
/* End XCBuildConfiguration section */

/* Begin XCConfigurationList section */
		AA131F6F258A1E8200F627C4 /* Build configuration list for PBXProject "ExtendedAlertControllerDemo" */ = {
			isa = XCConfigurationList;
			buildConfigurations = (
				AA131F86258A1E8500F627C4 /* Debug */,
				AA131F87258A1E8500F627C4 /* Release */,
			);
			defaultConfigurationIsVisible = 0;
			defaultConfigurationName = Release;
		};
		AA131F88258A1E8500F627C4 /* Build configuration list for PBXNativeTarget "ExtendedAlertControllerDemo" */ = {
			isa = XCConfigurationList;
			buildConfigurations = (
				AA131F89258A1E8500F627C4 /* Debug */,
				AA131F8A258A1E8500F627C4 /* Release */,
			);
			defaultConfigurationIsVisible = 0;
			defaultConfigurationName = Release;
		};
/* End XCConfigurationList section */

/* Begin XCRemoteSwiftPackageReference section */
		AA131F8C258A230D00F627C4 /* XCRemoteSwiftPackageReference "ExtendedAlertController" */ = {
			isa = XCRemoteSwiftPackageReference;
			repositoryURL = "file:///Users/kf/Repositories/ExtendedAlertController";
			requirement = {
				branch = main;
				kind = branch;
			};
		};
/* End XCRemoteSwiftPackageReference section */

/* Begin XCSwiftPackageProductDependency section */
		AA131F8D258A230D00F627C4 /* ExtendedAlertController */ = {
			isa = XCSwiftPackageProductDependency;
			package = AA131F8C258A230D00F627C4 /* XCRemoteSwiftPackageReference "ExtendedAlertController" */;
			productName = ExtendedAlertController;
		};
/* End XCSwiftPackageProductDependency section */
	};
	rootObject = AA131F6C258A1E8200F627C4 /* Project object */;
}
