{
  "object": {
    "pins": [
      {
        "package": "ExtendedAlertController",
        "repositoryURL": "/Users/kf/Repositories/ExtendedAlertController",
        "state": {
          "branch": "main",
          "revision": "70eb1a731109a98dc1cd943492870b416008182c",
          "version": null
        }
      }
    ]
  },
  "version": 1
}
