{
  "object": {
    "pins": [
      {
        "package": "ExtendedAlertController",
        "repositoryURL": "/Users/kf/Repositories/ExtendedAlertController",
        "state": {
          "branch": "main",
          "revision": "988f41df0aa7d8d8952f443c1539a7cec6f34ecc",
          "version": null
        }
      }
    ]
  },
  "version": 1
}
